<?xml version="1.0" encoding="utf-8"?>
<Project ToolsVersion="4.0" xmlns="http://schemas.microsoft.com/developer/msbuild/2003">
  <ItemGroup>
    <ApplicationDefinition Include="App.xaml" />
  </ItemGroup>
  <ItemGroup>
    <Page Include="MainWindow.xaml" />
    <Page Include="HomePage.xaml">
      <Filter>Pages</Filter>
    </Page>
    <Page Include="SettingsPage.xaml">
      <Filter>Pages</Filter>
    </Page>
    <Page Include="TaskPage.xaml">
      <Filter>Pages</Filter>
    </Page>
    <Page Include="HelpPage.xaml">
      <Filter>Pages</Filter>
    </Page>
    <Page Include="InfoWindow.xaml" />
    <Page Include="Process_ThreadPage.xaml">
      <Filter>Pages\Process</Filter>
    </Page>
    <Page Include="Process_HandlePage.xaml">
      <Filter>Pages\Process</Filter>
    </Page>
    <Page Include="Process_ModulePage.xaml">
      <Filter>Pages\Process</Filter>
    </Page>
    <Page Include="RunProcessDialog.xaml">
      <Filter>Utils\Elements</Filter>
    </Page>
    <Page Include="Process_KCTPage.xaml">
      <Filter>Pages\Process</Filter>
    </Page>
    <Page Include="KernelModulePage.xaml">
      <Filter>Pages</Filter>
    </Page>
    <Page Include="InjectDLLDialog.xaml">
      <Filter>Utils\Elements</Filter>
    </Page>
    <Page Include="LoadDriverDialog.xaml">
      <Filter>Utils\Elements</Filter>
    </Page>
    <Page Include="FilePage.xaml">
      <Filter>Pages</Filter>
    </Page>
    <Page Include="UpdateDialog.xaml">
      <Filter>Utils\Elements</Filter>
    </Page>
    <Page Include="CopyFileDialog.xaml">
      <Filter>Utils\Elements</Filter>
    </Page>
    <Page Include="ModifyTokenDialog.xaml">
      <Filter>Utils\Elements</Filter>
    </Page>
    <Page Include="UtilityPage.xaml">
      <Filter>Pages</Filter>
    </Page>
    <Page Include="WindowPage.xaml">
      <Filter>Pages</Filter>
    </Page>
    <Page Include="LineGraphControl.xaml">
      <Filter>Utils\Elements</Filter>
    </Page>
    <Page Include="MonitorPage.xaml">
      <Filter>Pages</Filter>
    </Page>
    <Page Include="DisasmPage.xaml">
      <Filter>Pages</Filter>
    </Page>
  </ItemGroup>
  <ItemGroup>
    <Midl Include="MainWindow.idl" />
    <Midl Include="HomePage.idl">
      <Filter>Pages</Filter>
    </Midl>
    <Midl Include="SettingsPage.idl">
      <Filter>Pages</Filter>
    </Midl>
    <Midl Include="TaskPage.idl">
      <Filter>Pages</Filter>
    </Midl>
    <Midl Include="Utils\ProcessInfo.idl">
      <Filter>Utils\Types</Filter>
    </Midl>
    <Midl Include="Utils\ThreadInfo.idl">
      <Filter>Utils\Types</Filter>
    </Midl>
    <Midl Include="Utils\HandleInfo.idl">
      <Filter>Utils\Types</Filter>
    </Midl>
    <Midl Include="Utils\MokuaiInfo.idl">
      <Filter>Utils\Types</Filter>
    </Midl>
    <Midl Include="Utils\KCTInfo.idl">
      <Filter>Utils\Types</Filter>
    </Midl>
    <Midl Include="Utils\KernelModuleInfo.idl">
      <Filter>Utils\Types</Filter>
    </Midl>
    <Midl Include="Utils\FileInfo.idl">
      <Filter>Utils\Types</Filter>
    </Midl>
    <Midl Include="Utils\WindowInfo.idl">
      <Filter>Utils\Types</Filter>
    </Midl>
    <Midl Include="Utils\ObjectEntry.idl">
      <Filter>Utils\Types</Filter>
    </Midl>
    <Midl Include="Utils\GeneralEntry.idl">
      <Filter>Utils\Types</Filter>
    </Midl>
  </ItemGroup>
  <ItemGroup>
    <ClCompile Include="pch.cpp" />
    <ClCompile Include="Utils\DriverUtils.cpp">
      <Filter>Utils\Advanced</Filter>
    </ClCompile>
    <ClCompile Include="Utils\KernelInstance.cpp">
      <Filter>Utils\Advanced</Filter>
    </ClCompile>
    <ClCompile Include="Utils\TaskUtils.cpp">
      <Filter>Utils\Advanced</Filter>
    </ClCompile>
    <ClCompile Include="Utils\CppUtils.cpp">
      <Filter>Utils</Filter>
    </ClCompile>
    <ClCompile Include="Console.cpp">
      <Filter>Utils</Filter>
    </ClCompile>
    <ClCompile Include="Utils\Utils.cpp">
      <Filter>Utils</Filter>
    </ClCompile>
    <ClCompile Include="Utils\Config.cpp">
      <Filter>Utils</Filter>
    </ClCompile>
    <ClCompile Include="Utils\I18n.cpp">
      <Filter>Utils</Filter>
    </ClCompile>
    <ClCompile Include="Utils\FileInfo.cpp">
      <Filter>Utils\Types</Filter>
    </ClCompile>
    <ClCompile Include="Utils\GeneralEntry.cpp">
      <Filter>Utils\Types</Filter>
    </ClCompile>
    <ClCompile Include="Utils\HandleInfo.cpp">
      <Filter>Utils\Types</Filter>
    </ClCompile>
    <ClCompile Include="Utils\KCTInfo.cpp">
      <Filter>Utils\Types</Filter>
    </ClCompile>
    <ClCompile Include="Utils\KernelModuleInfo.cpp">
      <Filter>Utils\Types</Filter>
    </ClCompile>
    <ClCompile Include="Utils\MokuaiInfo.cpp">
      <Filter>Utils\Types</Filter>
    </ClCompile>
    <ClCompile Include="Utils\ObjectEntry.cpp">
      <Filter>Utils\Types</Filter>
    </ClCompile>
    <ClCompile Include="Utils\ProcessInfo.cpp">
      <Filter>Utils\Types</Filter>
    </ClCompile>
    <ClCompile Include="Utils\ThreadInfo.cpp">
      <Filter>Utils\Types</Filter>
    </ClCompile>
    <ClCompile Include="Utils\WindowInfo.cpp">
      <Filter>Utils\Types</Filter>
    </ClCompile>
  </ItemGroup>
  <ItemGroup>
    <ClCompile Include="Generated Files\module.g.cpp" />
    <ClInclude Include="pch.h" />
    <ClInclude Include="BuildConfig.h" />
    <ClInclude Include="Utils\Config.h">
      <Filter>Utils</Filter>
    </ClInclude>
    <ClInclude Include="Utils\CppUtils.h">
      <Filter>Utils</Filter>
    </ClInclude>
    <ClInclude Include="Utils\Elevator.h">
      <Filter>Utils</Filter>
    </ClInclude>
    <ClInclude Include="Utils\Utils.h">
      <Filter>Utils</Filter>
    </ClInclude>
    <ClInclude Include="Utils\KernelBase.h">
      <Filter>Utils\Advanced</Filter>
    </ClInclude>
    <ClInclude Include="Utils\TaskUtils.h">
      <Filter>Utils\Advanced</Filter>
    </ClInclude>
    <ClInclude Include="Utils\ProcessInfo.h">
      <Filter>Utils\Types</Filter>
    </ClInclude>
    <ClInclude Include="Utils\ThreadInfo.h">
      <Filter>Utils\Types</Filter>
    </ClInclude>
    <ClInclude Include="Utils\HandleInfo.h">
      <Filter>Utils\Types</Filter>
    </ClInclude>
    <ClInclude Include="Utils\MokuaiInfo.h">
      <Filter>Utils\Types</Filter>
    </ClInclude>
    <ClInclude Include="Utils\KCTInfo.h">
      <Filter>Utils\Types</Filter>
    </ClInclude>
    <ClInclude Include="Utils\KernelModuleInfo.h">
      <Filter>Utils\Types</Filter>
    </ClInclude>
    <ClInclude Include="Utils\FileInfo.h">
      <Filter>Utils\Types</Filter>
    </ClInclude>
    <ClInclude Include="Utils\I18n.h">
      <Filter>Utils</Filter>
    </ClInclude>
    <ClInclude Include="Console.h">
      <Filter>Utils</Filter>
    </ClInclude>
    <ClInclude Include="Utils\WindowInfo.h">
      <Filter>Utils\Types</Filter>
    </ClInclude>
    <ClInclude Include="resource.h" />
    <ClInclude Include="Utils\ObjectEntry.h">
      <Filter>Utils\Types</Filter>
    </ClInclude>
    <ClInclude Include="Utils\NTBase.h">
      <Filter>Utils\Advanced</Filter>
    </ClInclude>
    <ClInclude Include="Utils\GeneralEntry.h">
      <Filter>Utils\Types</Filter>
    </ClInclude>
    <ClInclude Include="SiriusIO.h">
      <Filter>Utils\Advanced</Filter>
    </ClInclude>
    <ClInclude Include="SiriusError.h">
      <Filter>Utils\Advanced</Filter>
    </ClInclude>
  </ItemGroup>
  <ItemGroup>
    <Image Include="Assets\github-mark.png">
      <Filter>Assets</Filter>
    </Image>
    <Image Include="Assets\stars.png">
      <Filter>Assets</Filter>
    </Image>
    <Image Include="Assets\winui.png">
      <Filter>Assets</Filter>
    </Image>
    <Image Include="Assets\HO-COOH.png">
      <Filter>Assets</Filter>
    </Image>
    <Image Include="Assets\MuLin.png">
      <Filter>Assets</Filter>
    </Image>
    <Image Include="Assets\StarlightGUI.png">
      <Filter>Assets</Filter>
    </Image>
    <Image Include="Assets\Starlight.png">
      <Filter>Assets</Filter>
    </Image>
    <Image Include="Assets\wormwaker.jpg">
      <Filter>Assets</Filter>
    </Image>
    <Image Include="Assets\StarlightNew.png">
      <Filter>Assets</Filter>
    </Image>
    <Image Include="Assets\Starlight.ico" />
  </ItemGroup>
  <ItemGroup>
    <Filter Include="Assets">
      <UniqueIdentifier>{d824d62f-7d91-43e3-b8f8-20c1403e8abe}</UniqueIdentifier>
    </Filter>
    <Filter Include="Utils">
      <UniqueIdentifier>{e8605c35-ead9-455c-ae51-3e13adaef428}</UniqueIdentifier>
    </Filter>
    <Filter Include="Pages">
      <UniqueIdentifier>{effdff0c-4684-4683-b3d7-9fdbdda23cab}</UniqueIdentifier>
    </Filter>
    <Filter Include="Utils\Advanced">
      <UniqueIdentifier>{dd8c98ed-409d-4099-ba90-32726a3ce04b}</UniqueIdentifier>
    </Filter>
    <Filter Include="Pages\Process">
      <UniqueIdentifier>{0db6dfed-af4c-4fcb-aa19-fef12bce967c}</UniqueIdentifier>
    </Filter>
    <Filter Include="Utils\Types">
      <UniqueIdentifier>{8aee5cf3-fa01-400f-b899-e47608ef6f6c}</UniqueIdentifier>
    </Filter>
    <Filter Include="Utils\Elements">
      <UniqueIdentifier>{c581fe4b-97e8-4bc6-ba36-991d8c2d2052}</UniqueIdentifier>
    </Filter>
    <Filter Include="Strings">
      <UniqueIdentifier>{c7b9ce89-4b1d-4784-9a3f-2b4f4d7e6670}</UniqueIdentifier>
    </Filter>
    <Filter Include="Strings\zh-CN">
      <UniqueIdentifier>{db1fe67d-3142-4798-a92d-2f15e660c377}</UniqueIdentifier>
    </Filter>
    <Filter Include="Strings\en-US">
      <UniqueIdentifier>{7126c4af-1a4c-463c-9147-cfa3113705fa}</UniqueIdentifier>
    </Filter>
  </ItemGroup>
  <ItemGroup>
    <None Include="nvml.dll">
      <Filter>Assets</Filter>
    </None>
    <None Include="IAMKeyHacker.dll">
      <Filter>Assets</Filter>
    </None>
    <None Include="WindowTopMost.dll">
      <Filter>Assets</Filter>
    </None>
    <None Include="capstone.dll">
      <Filter>Assets</Filter>
    </None>
    <None Include="$(_WindowsMLLocalNativePath)\onnxruntime.dll" />
    <None Include="$(_WindowsMLLocalNativePath)\DirectML.dll" />
    <None Include="$(_WindowsMLLocalNativePath)\Microsoft.Windows.AI.MachineLearning.dll" />
    <None Include="Assets\Sirius.sys">
      <Filter>Assets</Filter>
    </None>
  </ItemGroup>
  <ItemGroup>
    <Natvis Include="$(MSBuildThisFileDirectory)..\..\natvis\wil.natvis" />
    <Natvis Include="$(MSBuildThisFileDirectory)..\..\natvis\wil.natstepfilter" />
  </ItemGroup>
  <ItemGroup>
    <ResourceCompile Include="StarlightGUI.rc" />
  </ItemGroup>
  <ItemGroup>
    <Text Include="Strings\zh-CN\Resources.json">
      <Filter>Strings\zh-CN</Filter>
    </Text>
    <Text Include="Strings\en-US\Resources.json">
      <Filter>Strings\en-US</Filter>
    </Text>
  </ItemGroup>
</Project>